-- SmartMinutes PostgreSQL Database Schema

-- Enable UUID extension for secure identifiers
CREATE EXTENSION IF NOT EXISTS "uuid-ossp";

-- Users Table
CREATE TABLE users (
    id UUID PRIMARY KEY DEFAULT uuid_generate_v4(),
    name VARCHAR(255) NOT NULL,
    email VARCHAR(255) UNIQUE NOT NULL,
    hashed_password VARCHAR(255) NOT NULL,
    created_at TIMESTAMP WITH TIME ZONE DEFAULT CURRENT_TIMESTAMP
);

-- Meetings Table
CREATE TABLE meetings (
    id UUID PRIMARY KEY DEFAULT uuid_generate_v4(),
    title VARCHAR(255) NOT NULL,
    date TIMESTAMP WITH TIME ZONE NOT NULL DEFAULT CURRENT_TIMESTAMP,
    duration INTEGER NOT NULL, -- in seconds
    video_url VARCHAR(512),
    audio_url VARCHAR(512),
    user_id UUID REFERENCES users(id) ON DELETE CASCADE,
    created_at TIMESTAMP WITH TIME ZONE DEFAULT CURRENT_TIMESTAMP
);

-- Transcripts Table (Stores raw transcript segments with speaker diarization details)
CREATE TABLE transcripts (
    id UUID PRIMARY KEY DEFAULT uuid_generate_v4(),
    meeting_id UUID REFERENCES meetings(id) ON DELETE CASCADE,
    segment_index INTEGER NOT NULL,
    start_time NUMERIC(10, 3) NOT NULL, -- in seconds
    end_time NUMERIC(10, 3) NOT NULL,   -- in seconds
    speaker VARCHAR(100) NOT NULL,      -- e.g., "Speaker 1", "Rahul"
    text TEXT NOT NULL,
    confidence NUMERIC(4, 3),           -- whisper confidence score
    created_at TIMESTAMP WITH TIME ZONE DEFAULT CURRENT_TIMESTAMP
);

-- Summaries Table
CREATE TABLE summaries (
    id UUID PRIMARY KEY DEFAULT uuid_generate_v4(),
    meeting_id UUID REFERENCES meetings(id) ON DELETE CASCADE,
    executive_summary TEXT NOT NULL,
    topic_summary TEXT NOT NULL,       -- JSON formatted detailed summary by topic
    key_decisions TEXT[] NOT NULL,     -- Array of key decisions extracted
    created_at TIMESTAMP WITH TIME ZONE DEFAULT CURRENT_TIMESTAMP
);

-- Action Items Table
CREATE TABLE action_items (
    id UUID PRIMARY KEY DEFAULT uuid_generate_v4(),
    meeting_id UUID REFERENCES meetings(id) ON DELETE CASCADE,
    task TEXT NOT NULL,
    assignee VARCHAR(255),
    deadline VARCHAR(100),
    status VARCHAR(50) DEFAULT 'Pending', -- 'Pending', 'In Progress', 'Completed'
    priority VARCHAR(20) DEFAULT 'Medium', -- 'Low', 'Medium', 'High'
    created_at TIMESTAMP WITH TIME ZONE DEFAULT CURRENT_TIMESTAMP
);

-- Indexes for performance optimization
CREATE INDEX idx_meetings_user_id ON meetings(user_id);
CREATE INDEX idx_transcripts_meeting_id ON transcripts(meeting_id);
CREATE INDEX idx_summaries_meeting_id ON summaries(meeting_id);
CREATE INDEX idx_action_items_meeting_id ON action_items(meeting_id);
